
Microsoft Visual Studio Solution File, Format Version 12.00
# Visual Studio Version 17
VisualStudioVersion = 17.11.35312.102
MinimumVisualStudioVersion = 10.0.40219.1
Project("{FAE04EC0-301F-11D3-BF4B-00C04F79EFBC}") = "Cricketers_FinalProject_BackendAPI", "Cricketers_FinalProject_BackendAPI.csproj", "{0946E7D1-080C-4C65-AA9B-EACA8EB6924E}"
EndProject
Global
	GlobalSection(SolutionConfigurationPlatforms) = preSolution
		Debug|Any CPU = Debug|Any CPU
		Release|Any CPU = Release|Any CPU
	EndGlobalSection
	GlobalSection(ProjectConfigurationPlatforms) = postSolution
		{0946E7D1-080C-4C65-AA9B-EACA8EB6924E}.Debug|Any CPU.ActiveCfg = Debug|Any CPU
		{0946E7D1-080C-4C65-AA9B-EACA8EB6924E}.Debug|Any CPU.Build.0 = Debug|Any CPU
		{0946E7D1-080C-4C65-AA9B-EACA8EB6924E}.Release|Any CPU.ActiveCfg = Release|Any CPU
		{0946E7D1-080C-4C65-AA9B-EACA8EB6924E}.Release|Any CPU.Build.0 = Release|Any CPU
	EndGlobalSection
	GlobalSection(SolutionProperties) = preSolution
		HideSolutionNode = FALSE
	EndGlobalSection
	GlobalSection(ExtensibilityGlobals) = postSolution
		SolutionGuid = {B9769A81-FE23-4097-85E5-5B71AFC08EF8}
	EndGlobalSection
EndGlobal
